
Microsoft Visual Studio Solution File, Format Version 12.00
# Visual Studio Version 16
VisualStudioVersion = 16.0.30804.86
MinimumVisualStudioVersion = 10.0.40219.1
Project("{FAE04EC0-301F-11D3-BF4B-00C04F79EFBC}") = "DoAn", "DoAn\DoAn.csproj", "{0D390779-14A9-419C-80B5-8ADDD71AEFDB}"
EndProject
Global
	GlobalSection(SolutionConfigurationPlatforms) = preSolution
		Debug|Any CPU = Debug|Any CPU
		Release|Any CPU = Release|Any CPU
	EndGlobalSection
	GlobalSection(ProjectConfigurationPlatforms) = postSolution
		{0D390779-14A9-419C-80B5-8ADDD71AEFDB}.Debug|Any CPU.ActiveCfg = Debug|Any CPU
		{0D390779-14A9-419C-80B5-8ADDD71AEFDB}.Debug|Any CPU.Build.0 = Debug|Any CPU
		{0D390779-14A9-419C-80B5-8ADDD71AEFDB}.Release|Any CPU.ActiveCfg = Release|Any CPU
		{0D390779-14A9-419C-80B5-8ADDD71AEFDB}.Release|Any CPU.Build.0 = Release|Any CPU
	EndGlobalSection
	GlobalSection(SolutionProperties) = preSolution
		HideSolutionNode = FALSE
	EndGlobalSection
	GlobalSection(ExtensibilityGlobals) = postSolution
		SolutionGuid = {D7559259-3557-4D60-AB22-DC6130E40AC1}
	EndGlobalSection
EndGlobal
